# THIS IS AN AUTOGENERATED FILE. DO NOT EDIT THIS FILE DIRECTLY.
# yarn lockfile v1


"@commitlint/config-conventional@^19.2.2":
  version "19.2.2"
  resolved "https://registry.yarnpkg.com/@commitlint/config-conventional/-/config-conventional-19.2.2.tgz#1f4e6975d428985deacf2b3ff6547e02c9302054"
  integrity sha512-mLXjsxUVLYEGgzbxbxicGPggDuyWNkf25Ht23owXIH+zV2pv1eJuzLK3t1gDY5Gp6pxdE60jZnWUY5cvgL3ufw==
  dependencies:
    "@commitlint/types" "^19.0.3"
    conventional-changelog-conventionalcommits "^7.0.2"

"@commitlint/types@^19.0.3":
  version "19.0.3"
  resolved "https://registry.yarnpkg.com/@commitlint/types/-/types-19.0.3.tgz#feff4ecac2b5c359f2a57f9ab094b2ac80ef0266"
  integrity sha512-tpyc+7i6bPG9mvaBbtKUeghfyZSDgWquIDfMgqYtTbmZ9Y9VzEm2je9EYcQ0aoz5o7NvGS+rcDec93yO08MHYA==
  dependencies:
    "@types/conventional-commits-parser" "^5.0.0"
    chalk "^5.3.0"

"@types/conventional-commits-parser@^5.0.0":
  version "5.0.0"
  resolved "https://registry.yarnpkg.com/@types/conventional-commits-parser/-/conventional-commits-parser-5.0.0.tgz#8c9d23e0b415b24b91626d07017303755d542dc8"
  integrity sha512-loB369iXNmAZglwWATL+WRe+CRMmmBPtpolYzIebFaX4YA3x+BEfLqhUAV9WanycKI3TG1IMr5bMJDajDKLlUQ==
  dependencies:
    "@types/node" "*"

"@types/node@*":
  version "20.14.8"
  resolved "https://registry.yarnpkg.com/@types/node/-/node-20.14.8.tgz#45c26a2a5de26c3534a9504530ddb3b27ce031ac"
  integrity sha512-DO+2/jZinXfROG7j7WKFn/3C6nFwxy2lLpgLjEXJz+0XKphZlTLJ14mo8Vfg8X5BWN6XjyESXq+LcYdT7tR3bA==
  dependencies:
    undici-types "~5.26.4"

array-ify@^1.0.0:
  version "1.0.0"
  resolved "https://registry.yarnpkg.com/array-ify/-/array-ify-1.0.0.tgz#9e528762b4a9066ad163a6962a364418e9626ece"
  integrity sha512-c5AMf34bKdvPhQ7tBGhqkgKNUzMr4WUs+WDtC2ZUGOUncbxKMTvqxYctiseW3+L4bA8ec+GcZ6/A/FW4m8ukng==

chalk@^5.3.0:
  version "5.3.0"
  resolved "https://registry.yarnpkg.com/chalk/-/chalk-5.3.0.tgz#67c20a7ebef70e7f3970a01f90fa210cb6860385"
  integrity sha512-dLitG79d+GV1Nb/VYcCDFivJeK1hiukt9QjRNVOsUtTy1rR1YJsmpGGTZ3qJos+uw7WmWF4wUwBd9jxjocFC2w==

compare-func@^2.0.0:
  version "2.0.0"
  resolved "https://registry.yarnpkg.com/compare-func/-/compare-func-2.0.0.tgz#fb65e75edbddfd2e568554e8b5b05fff7a51fcb3"
  integrity sha512-zHig5N+tPWARooBnb0Zx1MFcdfpyJrfTJ3Y5L+IFvUm8rM74hHz66z0gw0x4tijh5CorKkKUCnW82R2vmpeCRA==
  dependencies:
    array-ify "^1.0.0"
    dot-prop "^5.1.0"

conventional-changelog-conventionalcommits@^7.0.2:
  version "7.0.2"
  resolved "https://registry.yarnpkg.com/conventional-changelog-conventionalcommits/-/conventional-changelog-conventionalcommits-7.0.2.tgz#aa5da0f1b2543094889e8cf7616ebe1a8f5c70d5"
  integrity sha512-NKXYmMR/Hr1DevQegFB4MwfM5Vv0m4UIxKZTTYuD98lpTknaZlSRrDOG4X7wIXpGkfsYxZTghUN+Qq+T0YQI7w==
  dependencies:
    compare-func "^2.0.0"

dot-prop@^5.1.0:
  version "5.3.0"
  resolved "https://registry.yarnpkg.com/dot-prop/-/dot-prop-5.3.0.tgz#90ccce708cd9cd82cc4dc8c3ddd9abdd55b20e88"
  integrity sha512-QM8q3zDe58hqUqjraQOmzZ1LIH9SWQJTlEKCH4kJ2oQvLZk7RbQXvtDM2XEq3fwkV9CCvvH4LA0AV+ogFsBM2Q==
  dependencies:
    is-obj "^2.0.0"

is-obj@^2.0.0:
  version "2.0.0"
  resolved "https://registry.yarnpkg.com/is-obj/-/is-obj-2.0.0.tgz#473fb05d973705e3fd9620545018ca8e22ef4982"
  integrity sha512-drqDG3cbczxxEJRoOXcOjtdp1J/lyp1mNn0xaznRs8+muBhgQcrnbspox5X5fOw0HnMnbfDzvnEMEtqDEJEo8w==

undici-types@~5.26.4:
  version "5.26.5"
  resolved "https://registry.yarnpkg.com/undici-types/-/undici-types-5.26.5.tgz#bcd539893d00b56e964fd2657a4866b221a65617"
  integrity sha512-JlCMO+ehdEIKqlFxk6IfVoAUVmgz7cU7zD/h9XZ0qzeosSHmUJVOzSQvvYSYWXkFXC+IfLKSIffhv0sVZup6pA==
