# THIS IS AN AUTOGENERATED FILE. DO NOT EDIT THIS FILE DIRECTLY.
# yarn lockfile v1


"@commitlint/config-conventional@^17.8.1":
  version "17.8.1"
  resolved "https://registry.yarnpkg.com/@commitlint/config-conventional/-/config-conventional-17.8.1.tgz#e5bcf0cfec8da7ac50bc04dc92e0a4ea74964ce0"
  integrity sha512-NxCOHx1kgneig3VLauWJcDWS40DVjg7nKOpBEEK9E5fjJpQqLCilcnKkIIjdBH98kEO1q3NpE5NSrZ2kl/QGJg==
  dependencies:
    conventional-changelog-conventionalcommits "^6.1.0"

array-ify@^1.0.0:
  version "1.0.0"
  resolved "https://registry.yarnpkg.com/array-ify/-/array-ify-1.0.0.tgz#9e528762b4a9066ad163a6962a364418e9626ece"
  integrity sha512-c5AMf34bKdvPhQ7tBGhqkgKNUzMr4WUs+WDtC2ZUGOUncbxKMTvqxYctiseW3+L4bA8ec+GcZ6/A/FW4m8ukng==

compare-func@^2.0.0:
  version "2.0.0"
  resolved "https://registry.yarnpkg.com/compare-func/-/compare-func-2.0.0.tgz#fb65e75edbddfd2e568554e8b5b05fff7a51fcb3"
  integrity sha512-zHig5N+tPWARooBnb0Zx1MFcdfpyJrfTJ3Y5L+IFvUm8rM74hHz66z0gw0x4tijh5CorKkKUCnW82R2vmpeCRA==
  dependencies:
    array-ify "^1.0.0"
    dot-prop "^5.1.0"

conventional-changelog-conventionalcommits@^6.1.0:
  version "6.1.0"
  resolved "https://registry.yarnpkg.com/conventional-changelog-conventionalcommits/-/conventional-changelog-conventionalcommits-6.1.0.tgz#3bad05f4eea64e423d3d90fc50c17d2c8cf17652"
  integrity sha512-3cS3GEtR78zTfMzk0AizXKKIdN4OvSh7ibNz6/DPbhWWQu7LqE/8+/GqSodV+sywUR2gpJAdP/1JFf4XtN7Zpw==
  dependencies:
    compare-func "^2.0.0"

dot-prop@^5.1.0:
  version "5.3.0"
  resolved "https://registry.yarnpkg.com/dot-prop/-/dot-prop-5.3.0.tgz#90ccce708cd9cd82cc4dc8c3ddd9abdd55b20e88"
  integrity sha512-QM8q3zDe58hqUqjraQOmzZ1LIH9SWQJTlEKCH4kJ2oQvLZk7RbQXvtDM2XEq3fwkV9CCvvH4LA0AV+ogFsBM2Q==
  dependencies:
    is-obj "^2.0.0"

is-obj@^2.0.0:
  version "2.0.0"
  resolved "https://registry.yarnpkg.com/is-obj/-/is-obj-2.0.0.tgz#473fb05d973705e3fd9620545018ca8e22ef4982"
  integrity sha512-drqDG3cbczxxEJRoOXcOjtdp1J/lyp1mNn0xaznRs8+muBhgQcrnbspox5X5fOw0HnMnbfDzvnEMEtqDEJEo8w==
